{
  "name": "nearley-deno",
  "version": "1.0.0",
  "lockfileVersion": 1,
  "requires": true,
  "dependencies": {
    "@types/nearley": {
      "version": "2.11.1",
      "resolved": "https://registry.npmjs.org/@types/nearley/-/nearley-2.11.1.tgz",
      "integrity": "sha512-oaAg5gn74VFpPYs6Ou2pjDao3WJxnlnH29q9rLOxSGb0PTw2QtBQcTAN9xs1OAHrtI9En5kIXKM96stf7//c9w==",
      "dev": true
    }
  }
}
